
Microsoft Visual Studio Solution File, Format Version 12.00
# Visual Studio Version 17
VisualStudioVersion = 17.10.35122.118
MinimumVisualStudioVersion = 10.0.40219.1
Project("{FAE04EC0-301F-11D3-BF4B-00C04F79EFBC}") = "StudentManagement", "StudentManagement\StudentManagement.csproj", "{894938EC-02DD-468C-B4BF-8E3D3BF6672B}"
EndProject
Global
	GlobalSection(SolutionConfigurationPlatforms) = preSolution
		Debug|Any CPU = Debug|Any CPU
		Release|Any CPU = Release|Any CPU
	EndGlobalSection
	GlobalSection(ProjectConfigurationPlatforms) = postSolution
		{894938EC-02DD-468C-B4BF-8E3D3BF6672B}.Debug|Any CPU.ActiveCfg = Debug|Any CPU
		{894938EC-02DD-468C-B4BF-8E3D3BF6672B}.Debug|Any CPU.Build.0 = Debug|Any CPU
		{894938EC-02DD-468C-B4BF-8E3D3BF6672B}.Release|Any CPU.ActiveCfg = Release|Any CPU
		{894938EC-02DD-468C-B4BF-8E3D3BF6672B}.Release|Any CPU.Build.0 = Release|Any CPU
	EndGlobalSection
	GlobalSection(SolutionProperties) = preSolution
		HideSolutionNode = FALSE
	EndGlobalSection
	GlobalSection(ExtensibilityGlobals) = postSolution
		SolutionGuid = {E2D59DC3-A6DC-4101-A38C-17CA9F45CA61}
	EndGlobalSection
EndGlobal
